// !$*UTF8*$!
{
	archiveVersion = 1;
	classes = {
	};
	objectVersion = 56;
	objects = {

/* Begin PBXBuildFile section */
		A42F721C2972C687001226C3 /* AppDelegate.swift in Sources */ = {isa = PBXBuildFile; fileRef = A42F721B2972C687001226C3 /* AppDelegate.swift */; };
		A42F721E2972C687001226C3 /* SceneDelegate.swift in Sources */ = {isa = PBXBuildFile; fileRef = A42F721D2972C687001226C3 /* SceneDelegate.swift */; };
		A42F72202972C687001226C3 /* MainViewController.swift in Sources */ = {isa = PBXBuildFile; fileRef = A42F721F2972C687001226C3 /* MainViewController.swift */; };
		A42F72232972C687001226C3 /* Main.storyboard in Resources */ = {isa = PBXBuildFile; fileRef = A42F72212972C687001226C3 /* Main.storyboard */; };
		A42F72262972C687001226C3 /* Prueba_Mercadona.xcdatamodeld in Sources */ = {isa = PBXBuildFile; fileRef = A42F72242972C687001226C3 /* Prueba_Mercadona.xcdatamodeld */; };
		A42F72282972C688001226C3 /* Assets.xcassets in Resources */ = {isa = PBXBuildFile; fileRef = A42F72272972C688001226C3 /* Assets.xcassets */; };
		A42F722B2972C688001226C3 /* LaunchScreen.storyboard in Resources */ = {isa = PBXBuildFile; fileRef = A42F72292972C688001226C3 /* LaunchScreen.storyboard */; };
		A42F72362972C688001226C3 /* Prueba_MercadonaTests.swift in Sources */ = {isa = PBXBuildFile; fileRef = A42F72352972C688001226C3 /* Prueba_MercadonaTests.swift */; };
		A42F72402972C688001226C3 /* Prueba_MercadonaUITests.swift in Sources */ = {isa = PBXBuildFile; fileRef = A42F723F2972C688001226C3 /* Prueba_MercadonaUITests.swift */; };
		A42F72422972C688001226C3 /* Prueba_MercadonaUITestsLaunchTests.swift in Sources */ = {isa = PBXBuildFile; fileRef = A42F72412972C688001226C3 /* Prueba_MercadonaUITestsLaunchTests.swift */; };
		A4F460CB29730E5400051029 /* CharacterCell.swift in Sources */ = {isa = PBXBuildFile; fileRef = A4F460C929730E5400051029 /* CharacterCell.swift */; };
		A4F460CF297311B500051029 /* UIViewExtension.swift in Sources */ = {isa = PBXBuildFile; fileRef = A4F460CE297311B500051029 /* UIViewExtension.swift */; };
		A4F460D229731DD800051029 /* DetailViewController.swift in Sources */ = {isa = PBXBuildFile; fileRef = A4F460D129731DD800051029 /* DetailViewController.swift */; };
		A4F460D62973248500051029 /* DetailViewController.xib in Resources */ = {isa = PBXBuildFile; fileRef = A4F460D52973248500051029 /* DetailViewController.xib */; };
		A4F460D829732D0200051029 /* UITextFieldExtension.swift in Sources */ = {isa = PBXBuildFile; fileRef = A4F460D729732D0200051029 /* UITextFieldExtension.swift */; };
		A4F460DA29732E8300051029 /* UIButtonExtension.swift in Sources */ = {isa = PBXBuildFile; fileRef = A4F460D929732E8300051029 /* UIButtonExtension.swift */; };
/* End PBXBuildFile section */

/* Begin PBXContainerItemProxy section */
		A42F72322972C688001226C3 /* PBXContainerItemProxy */ = {
			isa = PBXContainerItemProxy;
			containerPortal = A42F72102972C687001226C3 /* Project object */;
			proxyType = 1;
			remoteGlobalIDString = A42F72172972C687001226C3;
			remoteInfo = "Prueba Mercadona";
		};
		A42F723C2972C688001226C3 /* PBXContainerItemProxy */ = {
			isa = PBXContainerItemProxy;
			containerPortal = A42F72102972C687001226C3 /* Project object */;
			proxyType = 1;
			remoteGlobalIDString = A42F72172972C687001226C3;
			remoteInfo = "Prueba Mercadona";
		};
/* End PBXContainerItemProxy section */

/* Begin PBXFileReference section */
		A42F72182972C687001226C3 /* Prueba Mercadona.app */ = {isa = PBXFileReference; explicitFileType = wrapper.application; includeInIndex = 0; path = "Prueba Mercadona.app"; sourceTree = BUILT_PRODUCTS_DIR; };
		A42F721B2972C687001226C3 /* AppDelegate.swift */ = {isa = PBXFileReference; lastKnownFileType = sourcecode.swift; path = AppDelegate.swift; sourceTree = "<group>"; };
		A42F721D2972C687001226C3 /* SceneDelegate.swift */ = {isa = PBXFileReference; lastKnownFileType = sourcecode.swift; path = SceneDelegate.swift; sourceTree = "<group>"; };
		A42F721F2972C687001226C3 /* MainViewController.swift */ = {isa = PBXFileReference; lastKnownFileType = sourcecode.swift; path = MainViewController.swift; sourceTree = "<group>"; };
		A42F72222972C687001226C3 /* Base */ = {isa = PBXFileReference; lastKnownFileType = file.storyboard; name = Base; path = Base.lproj/Main.storyboard; sourceTree = "<group>"; };
		A42F72252972C687001226C3 /* Prueba_Mercadona.xcdatamodel */ = {isa = PBXFileReference; lastKnownFileType = wrapper.xcdatamodel; path = Prueba_Mercadona.xcdatamodel; sourceTree = "<group>"; };
		A42F72272972C688001226C3 /* Assets.xcassets */ = {isa = PBXFileReference; lastKnownFileType = folder.assetcatalog; path = Assets.xcassets; sourceTree = "<group>"; };
		A42F722A2972C688001226C3 /* Base */ = {isa = PBXFileReference; lastKnownFileType = file.storyboard; name = Base; path = Base.lproj/LaunchScreen.storyboard; sourceTree = "<group>"; };
		A42F722C2972C688001226C3 /* Info.plist */ = {isa = PBXFileReference; lastKnownFileType = text.plist.xml; path = Info.plist; sourceTree = "<group>"; };
		A42F72312972C688001226C3 /* Prueba MercadonaTests.xctest */ = {isa = PBXFileReference; explicitFileType = wrapper.cfbundle; includeInIndex = 0; path = "Prueba MercadonaTests.xctest"; sourceTree = BUILT_PRODUCTS_DIR; };
		A42F72352972C688001226C3 /* Prueba_MercadonaTests.swift */ = {isa = PBXFileReference; lastKnownFileType = sourcecode.swift; path = Prueba_MercadonaTests.swift; sourceTree = "<group>"; };
		A42F723B2972C688001226C3 /* Prueba MercadonaUITests.xctest */ = {isa = PBXFileReference; explicitFileType = wrapper.cfbundle; includeInIndex = 0; path = "Prueba MercadonaUITests.xctest"; sourceTree = BUILT_PRODUCTS_DIR; };
		A42F723F2972C688001226C3 /* Prueba_MercadonaUITests.swift */ = {isa = PBXFileReference; lastKnownFileType = sourcecode.swift; path = Prueba_MercadonaUITests.swift; sourceTree = "<group>"; };
		A42F72412972C688001226C3 /* Prueba_MercadonaUITestsLaunchTests.swift */ = {isa = PBXFileReference; lastKnownFileType = sourcecode.swift; path = Prueba_MercadonaUITestsLaunchTests.swift; sourceTree = "<group>"; };
		A4F460C929730E5400051029 /* CharacterCell.swift */ = {isa = PBXFileReference; lastKnownFileType = sourcecode.swift; path = CharacterCell.swift; sourceTree = "<group>"; };
		A4F460CE297311B500051029 /* UIViewExtension.swift */ = {isa = PBXFileReference; lastKnownFileType = sourcecode.swift; path = UIViewExtension.swift; sourceTree = "<group>"; };
		A4F460D129731DD800051029 /* DetailViewController.swift */ = {isa = PBXFileReference; lastKnownFileType = sourcecode.swift; path = DetailViewController.swift; sourceTree = "<group>"; };
		A4F460D52973248500051029 /* DetailViewController.xib */ = {isa = PBXFileReference; lastKnownFileType = file.xib; path = DetailViewController.xib; sourceTree = "<group>"; };
		A4F460D729732D0200051029 /* UITextFieldExtension.swift */ = {isa = PBXFileReference; lastKnownFileType = sourcecode.swift; path = UITextFieldExtension.swift; sourceTree = "<group>"; };
		A4F460D929732E8300051029 /* UIButtonExtension.swift */ = {isa = PBXFileReference; lastKnownFileType = sourcecode.swift; path = UIButtonExtension.swift; sourceTree = "<group>"; };
/* End PBXFileReference section */

/* Begin PBXFrameworksBuildPhase section */
		A42F72152972C687001226C3 /* Frameworks */ = {
			isa = PBXFrameworksBuildPhase;
			buildActionMask = 2147483647;
			files = (
			);
			runOnlyForDeploymentPostprocessing = 0;
		};
		A42F722E2972C688001226C3 /* Frameworks */ = {
			isa = PBXFrameworksBuildPhase;
			buildActionMask = 2147483647;
			files = (
			);
			runOnlyForDeploymentPostprocessing = 0;
		};
		A42F72382972C688001226C3 /* Frameworks */ = {
			isa = PBXFrameworksBuildPhase;
			buildActionMask = 2147483647;
			files = (
			);
			runOnlyForDeploymentPostprocessing = 0;
		};
/* End PBXFrameworksBuildPhase section */

/* Begin PBXGroup section */
		A42F720F2972C687001226C3 = {
			isa = PBXGroup;
			children = (
				A42F721A2972C687001226C3 /* Prueba Mercadona */,
				A42F72342972C688001226C3 /* Prueba MercadonaTests */,
				A42F723E2972C688001226C3 /* Prueba MercadonaUITests */,
				A42F72192972C687001226C3 /* Products */,
			);
			sourceTree = "<group>";
		};
		A42F72192972C687001226C3 /* Products */ = {
			isa = PBXGroup;
			children = (
				A42F72182972C687001226C3 /* Prueba Mercadona.app */,
				A42F72312972C688001226C3 /* Prueba MercadonaTests.xctest */,
				A42F723B2972C688001226C3 /* Prueba MercadonaUITests.xctest */,
			);
			name = Products;
			sourceTree = "<group>";
		};
		A42F721A2972C687001226C3 /* Prueba Mercadona */ = {
			isa = PBXGroup;
			children = (
				A482A5432972CEE7002E6154 /* Presentation */,
				A482A5462972CF22002E6154 /* Domain */,
				A482A5472972CF3D002E6154 /* Data */,
				A482A5482972CF5A002E6154 /* Supporting */,
			);
			path = "Prueba Mercadona";
			sourceTree = "<group>";
		};
		A42F72342972C688001226C3 /* Prueba MercadonaTests */ = {
			isa = PBXGroup;
			children = (
				A42F72352972C688001226C3 /* Prueba_MercadonaTests.swift */,
			);
			path = "Prueba MercadonaTests";
			sourceTree = "<group>";
		};
		A42F723E2972C688001226C3 /* Prueba MercadonaUITests */ = {
			isa = PBXGroup;
			children = (
				A42F723F2972C688001226C3 /* Prueba_MercadonaUITests.swift */,
				A42F72412972C688001226C3 /* Prueba_MercadonaUITestsLaunchTests.swift */,
			);
			path = "Prueba MercadonaUITests";
			sourceTree = "<group>";
		};
		A482A5432972CEE7002E6154 /* Presentation */ = {
			isa = PBXGroup;
			children = (
				A482A5442972CEF1002E6154 /* Common */,
				A482A5452972CF00002E6154 /* Modules */,
			);
			path = Presentation;
			sourceTree = "<group>";
		};
		A482A5442972CEF1002E6154 /* Common */ = {
			isa = PBXGroup;
			children = (
				A4F460CD2973119D00051029 /* Extensions */,
				A482A54A2972CFB6002E6154 /* Application */,
				A482A5492972CFAA002E6154 /* Resources */,
			);
			path = Common;
			sourceTree = "<group>";
		};
		A482A5452972CF00002E6154 /* Modules */ = {
			isa = PBXGroup;
			children = (
				A482A54C2972D00E002E6154 /* Main */,
				A4F460D029731A0900051029 /* Detail */,
			);
			path = Modules;
			sourceTree = "<group>";
		};
		A482A5462972CF22002E6154 /* Domain */ = {
			isa = PBXGroup;
			children = (
			);
			path = Domain;
			sourceTree = "<group>";
		};
		A482A5472972CF3D002E6154 /* Data */ = {
			isa = PBXGroup;
			children = (
			);
			path = Data;
			sourceTree = "<group>";
		};
		A482A5482972CF5A002E6154 /* Supporting */ = {
			isa = PBXGroup;
			children = (
				A42F72292972C688001226C3 /* LaunchScreen.storyboard */,
				A42F722C2972C688001226C3 /* Info.plist */,
				A42F72242972C687001226C3 /* Prueba_Mercadona.xcdatamodeld */,
			);
			path = Supporting;
			sourceTree = "<group>";
		};
		A482A5492972CFAA002E6154 /* Resources */ = {
			isa = PBXGroup;
			children = (
				A42F72272972C688001226C3 /* Assets.xcassets */,
			);
			path = Resources;
			sourceTree = "<group>";
		};
		A482A54A2972CFB6002E6154 /* Application */ = {
			isa = PBXGroup;
			children = (
				A42F721D2972C687001226C3 /* SceneDelegate.swift */,
				A42F721B2972C687001226C3 /* AppDelegate.swift */,
			);
			path = Application;
			sourceTree = "<group>";
		};
		A482A54C2972D00E002E6154 /* Main */ = {
			isa = PBXGroup;
			children = (
				A4F460C829730E1800051029 /* Cell */,
				A42F721F2972C687001226C3 /* MainViewController.swift */,
				A42F72212972C687001226C3 /* Main.storyboard */,
			);
			path = Main;
			sourceTree = "<group>";
		};
		A4F460C829730E1800051029 /* Cell */ = {
			isa = PBXGroup;
			children = (
				A4F460C929730E5400051029 /* CharacterCell.swift */,
			);
			path = Cell;
			sourceTree = "<group>";
		};
		A4F460CD2973119D00051029 /* Extensions */ = {
			isa = PBXGroup;
			children = (
				A4F460CE297311B500051029 /* UIViewExtension.swift */,
				A4F460D729732D0200051029 /* UITextFieldExtension.swift */,
				A4F460D929732E8300051029 /* UIButtonExtension.swift */,
			);
			path = Extensions;
			sourceTree = "<group>";
		};
		A4F460D029731A0900051029 /* Detail */ = {
			isa = PBXGroup;
			children = (
				A4F460D129731DD800051029 /* DetailViewController.swift */,
				A4F460D52973248500051029 /* DetailViewController.xib */,
			);
			path = Detail;
			sourceTree = "<group>";
		};
/* End PBXGroup section */

/* Begin PBXNativeTarget section */
		A42F72172972C687001226C3 /* Prueba Mercadona */ = {
			isa = PBXNativeTarget;
			buildConfigurationList = A42F72452972C688001226C3 /* Build configuration list for PBXNativeTarget "Prueba Mercadona" */;
			buildPhases = (
				A42F72142972C687001226C3 /* Sources */,
				A42F72152972C687001226C3 /* Frameworks */,
				A42F72162972C687001226C3 /* Resources */,
			);
			buildRules = (
			);
			dependencies = (
			);
			name = "Prueba Mercadona";
			productName = "Prueba Mercadona";
			productReference = A42F72182972C687001226C3 /* Prueba Mercadona.app */;
			productType = "com.apple.product-type.application";
		};
		A42F72302972C688001226C3 /* Prueba MercadonaTests */ = {
			isa = PBXNativeTarget;
			buildConfigurationList = A42F72482972C688001226C3 /* Build configuration list for PBXNativeTarget "Prueba MercadonaTests" */;
			buildPhases = (
				A42F722D2972C688001226C3 /* Sources */,
				A42F722E2972C688001226C3 /* Frameworks */,
				A42F722F2972C688001226C3 /* Resources */,
			);
			buildRules = (
			);
			dependencies = (
				A42F72332972C688001226C3 /* PBXTargetDependency */,
			);
			name = "Prueba MercadonaTests";
			productName = "Prueba MercadonaTests";
			productReference = A42F72312972C688001226C3 /* Prueba MercadonaTests.xctest */;
			productType = "com.apple.product-type.bundle.unit-test";
		};
		A42F723A2972C688001226C3 /* Prueba MercadonaUITests */ = {
			isa = PBXNativeTarget;
			buildConfigurationList = A42F724B2972C688001226C3 /* Build configuration list for PBXNativeTarget "Prueba MercadonaUITests" */;
			buildPhases = (
				A42F72372972C688001226C3 /* Sources */,
				A42F72382972C688001226C3 /* Frameworks */,
				A42F72392972C688001226C3 /* Resources */,
			);
			buildRules = (
			);
			dependencies = (
				A42F723D2972C688001226C3 /* PBXTargetDependency */,
			);
			name = "Prueba MercadonaUITests";
			productName = "Prueba MercadonaUITests";
			productReference = A42F723B2972C688001226C3 /* Prueba MercadonaUITests.xctest */;
			productType = "com.apple.product-type.bundle.ui-testing";
		};
/* End PBXNativeTarget section */

/* Begin PBXProject section */
		A42F72102972C687001226C3 /* Project object */ = {
			isa = PBXProject;
			attributes = {
				BuildIndependentTargetsInParallel = 1;
				LastSwiftUpdateCheck = 1420;
				LastUpgradeCheck = 1420;
				TargetAttributes = {
					A42F72172972C687001226C3 = {
						CreatedOnToolsVersion = 14.2;
					};
					A42F72302972C688001226C3 = {
						CreatedOnToolsVersion = 14.2;
						TestTargetID = A42F72172972C687001226C3;
					};
					A42F723A2972C688001226C3 = {
						CreatedOnToolsVersion = 14.2;
						TestTargetID = A42F72172972C687001226C3;
					};
				};
			};
			buildConfigurationList = A42F72132972C687001226C3 /* Build configuration list for PBXProject "Prueba Mercadona" */;
			compatibilityVersion = "Xcode 14.0";
			developmentRegion = en;
			hasScannedForEncodings = 0;
			knownRegions = (
				en,
				Base,
			);
			mainGroup = A42F720F2972C687001226C3;
			productRefGroup = A42F72192972C687001226C3 /* Products */;
			projectDirPath = "";
			projectRoot = "";
			targets = (
				A42F72172972C687001226C3 /* Prueba Mercadona */,
				A42F72302972C688001226C3 /* Prueba MercadonaTests */,
				A42F723A2972C688001226C3 /* Prueba MercadonaUITests */,
			);
		};
/* End PBXProject section */

/* Begin PBXResourcesBuildPhase section */
		A42F72162972C687001226C3 /* Resources */ = {
			isa = PBXResourcesBuildPhase;
			buildActionMask = 2147483647;
			files = (
				A42F722B2972C688001226C3 /* LaunchScreen.storyboard in Resources */,
				A4F460D62973248500051029 /* DetailViewController.xib in Resources */,
				A42F72282972C688001226C3 /* Assets.xcassets in Resources */,
				A42F72232972C687001226C3 /* Main.storyboard in Resources */,
			);
			runOnlyForDeploymentPostprocessing = 0;
		};
		A42F722F2972C688001226C3 /* Resources */ = {
			isa = PBXResourcesBuildPhase;
			buildActionMask = 2147483647;
			files = (
			);
			runOnlyForDeploymentPostprocessing = 0;
		};
		A42F72392972C688001226C3 /* Resources */ = {
			isa = PBXResourcesBuildPhase;
			buildActionMask = 2147483647;
			files = (
			);
			runOnlyForDeploymentPostprocessing = 0;
		};
/* End PBXResourcesBuildPhase section */

/* Begin PBXSourcesBuildPhase section */
		A42F72142972C687001226C3 /* Sources */ = {
			isa = PBXSourcesBuildPhase;
			buildActionMask = 2147483647;
			files = (
				A4F460CF297311B500051029 /* UIViewExtension.swift in Sources */,
				A4F460D829732D0200051029 /* UITextFieldExtension.swift in Sources */,
				A42F72202972C687001226C3 /* MainViewController.swift in Sources */,
				A42F72262972C687001226C3 /* Prueba_Mercadona.xcdatamodeld in Sources */,
				A42F721C2972C687001226C3 /* AppDelegate.swift in Sources */,
				A4F460DA29732E8300051029 /* UIButtonExtension.swift in Sources */,
				A4F460CB29730E5400051029 /* CharacterCell.swift in Sources */,
				A42F721E2972C687001226C3 /* SceneDelegate.swift in Sources */,
				A4F460D229731DD800051029 /* DetailViewController.swift in Sources */,
			);
			runOnlyForDeploymentPostprocessing = 0;
		};
		A42F722D2972C688001226C3 /* Sources */ = {
			isa = PBXSourcesBuildPhase;
			buildActionMask = 2147483647;
			files = (
				A42F72362972C688001226C3 /* Prueba_MercadonaTests.swift in Sources */,
			);
			runOnlyForDeploymentPostprocessing = 0;
		};
		A42F72372972C688001226C3 /* Sources */ = {
			isa = PBXSourcesBuildPhase;
			buildActionMask = 2147483647;
			files = (
				A42F72422972C688001226C3 /* Prueba_MercadonaUITestsLaunchTests.swift in Sources */,
				A42F72402972C688001226C3 /* Prueba_MercadonaUITests.swift in Sources */,
			);
			runOnlyForDeploymentPostprocessing = 0;
		};
/* End PBXSourcesBuildPhase section */

/* Begin PBXTargetDependency section */
		A42F72332972C688001226C3 /* PBXTargetDependency */ = {
			isa = PBXTargetDependency;
			target = A42F72172972C687001226C3 /* Prueba Mercadona */;
			targetProxy = A42F72322972C688001226C3 /* PBXContainerItemProxy */;
		};
		A42F723D2972C688001226C3 /* PBXTargetDependency */ = {
			isa = PBXTargetDependency;
			target = A42F72172972C687001226C3 /* Prueba Mercadona */;
			targetProxy = A42F723C2972C688001226C3 /* PBXContainerItemProxy */;
		};
/* End PBXTargetDependency section */

/* Begin PBXVariantGroup section */
		A42F72212972C687001226C3 /* Main.storyboard */ = {
			isa = PBXVariantGroup;
			children = (
				A42F72222972C687001226C3 /* Base */,
			);
			name = Main.storyboard;
			sourceTree = "<group>";
		};
		A42F72292972C688001226C3 /* LaunchScreen.storyboard */ = {
			isa = PBXVariantGroup;
			children = (
				A42F722A2972C688001226C3 /* Base */,
			);
			name = LaunchScreen.storyboard;
			sourceTree = "<group>";
		};
/* End PBXVariantGroup section */

/* Begin XCBuildConfiguration section */
		A42F72432972C688001226C3 /* Debug */ = {
			isa = XCBuildConfiguration;
			buildSettings = {
				ALWAYS_SEARCH_USER_PATHS = NO;
				CLANG_ANALYZER_NONNULL = YES;
				CLANG_ANALYZER_NUMBER_OBJECT_CONVERSION = YES_AGGRESSIVE;
				CLANG_CXX_LANGUAGE_STANDARD = "gnu++20";
				CLANG_ENABLE_MODULES = YES;
				CLANG_ENABLE_OBJC_ARC = YES;
				CLANG_ENABLE_OBJC_WEAK = YES;
				CLANG_WARN_BLOCK_CAPTURE_AUTORELEASING = YES;
				CLANG_WARN_BOOL_CONVERSION = YES;
				CLANG_WARN_COMMA = YES;
				CLANG_WARN_CONSTANT_CONVERSION = YES;
				CLANG_WARN_DEPRECATED_OBJC_IMPLEMENTATIONS = YES;
				CLANG_WARN_DIRECT_OBJC_ISA_USAGE = YES_ERROR;
				CLANG_WARN_DOCUMENTATION_COMMENTS = YES;
				CLANG_WARN_EMPTY_BODY = YES;
				CLANG_WARN_ENUM_CONVERSION = YES;
				CLANG_WARN_INFINITE_RECURSION = YES;
				CLANG_WARN_INT_CONVERSION = YES;
				CLANG_WARN_NON_LITERAL_NULL_CONVERSION = YES;
				CLANG_WARN_OBJC_IMPLICIT_RETAIN_SELF = YES;
				CLANG_WARN_OBJC_LITERAL_CONVERSION = YES;
				CLANG_WARN_OBJC_ROOT_CLASS = YES_ERROR;
				CLANG_WARN_QUOTED_INCLUDE_IN_FRAMEWORK_HEADER = YES;
				CLANG_WARN_RANGE_LOOP_ANALYSIS = YES;
				CLANG_WARN_STRICT_PROTOTYPES = YES;
				CLANG_WARN_SUSPICIOUS_MOVE = YES;
				CLANG_WARN_UNGUARDED_AVAILABILITY = YES_AGGRESSIVE;
				CLANG_WARN_UNREACHABLE_CODE = YES;
				CLANG_WARN__DUPLICATE_METHOD_MATCH = YES;
				COPY_PHASE_STRIP = NO;
				DEBUG_INFORMATION_FORMAT = dwarf;
				ENABLE_STRICT_OBJC_MSGSEND = YES;
				ENABLE_TESTABILITY = YES;
				GCC_C_LANGUAGE_STANDARD = gnu11;
				GCC_DYNAMIC_NO_PIC = NO;
				GCC_NO_COMMON_BLOCKS = YES;
				GCC_OPTIMIZATION_LEVEL = 0;
				GCC_PREPROCESSOR_DEFINITIONS = (
					"DEBUG=1",
					"$(inherited)",
				);
				GCC_WARN_64_TO_32_BIT_CONVERSION = YES;
				GCC_WARN_ABOUT_RETURN_TYPE = YES_ERROR;
				GCC_WARN_UNDECLARED_SELECTOR = YES;
				GCC_WARN_UNINITIALIZED_AUTOS = YES_AGGRESSIVE;
				GCC_WARN_UNUSED_FUNCTION = YES;
				GCC_WARN_UNUSED_VARIABLE = YES;
				IPHONEOS_DEPLOYMENT_TARGET = 13.0;
				MTL_ENABLE_DEBUG_INFO = INCLUDE_SOURCE;
				MTL_FAST_MATH = YES;
				ONLY_ACTIVE_ARCH = YES;
				SDKROOT = iphoneos;
				SWIFT_ACTIVE_COMPILATION_CONDITIONS = DEBUG;
				SWIFT_OPTIMIZATION_LEVEL = "-Onone";
			};
			name = Debug;
		};
		A42F72442972C688001226C3 /* Release */ = {
			isa = XCBuildConfiguration;
			buildSettings = {
				ALWAYS_SEARCH_USER_PATHS = NO;
				CLANG_ANALYZER_NONNULL = YES;
				CLANG_ANALYZER_NUMBER_OBJECT_CONVERSION = YES_AGGRESSIVE;
				CLANG_CXX_LANGUAGE_STANDARD = "gnu++20";
				CLANG_ENABLE_MODULES = YES;
				CLANG_ENABLE_OBJC_ARC = YES;
				CLANG_ENABLE_OBJC_WEAK = YES;
				CLANG_WARN_BLOCK_CAPTURE_AUTORELEASING = YES;
				CLANG_WARN_BOOL_CONVERSION = YES;
				CLANG_WARN_COMMA = YES;
				CLANG_WARN_CONSTANT_CONVERSION = YES;
				CLANG_WARN_DEPRECATED_OBJC_IMPLEMENTATIONS = YES;
				CLANG_WARN_DIRECT_OBJC_ISA_USAGE = YES_ERROR;
				CLANG_WARN_DOCUMENTATION_COMMENTS = YES;
				CLANG_WARN_EMPTY_BODY = YES;
				CLANG_WARN_ENUM_CONVERSION = YES;
				CLANG_WARN_INFINITE_RECURSION = YES;
				CLANG_WARN_INT_CONVERSION = YES;
				CLANG_WARN_NON_LITERAL_NULL_CONVERSION = YES;
				CLANG_WARN_OBJC_IMPLICIT_RETAIN_SELF = YES;
				CLANG_WARN_OBJC_LITERAL_CONVERSION = YES;
				CLANG_WARN_OBJC_ROOT_CLASS = YES_ERROR;
				CLANG_WARN_QUOTED_INCLUDE_IN_FRAMEWORK_HEADER = YES;
				CLANG_WARN_RANGE_LOOP_ANALYSIS = YES;
				CLANG_WARN_STRICT_PROTOTYPES = YES;
				CLANG_WARN_SUSPICIOUS_MOVE = YES;
				CLANG_WARN_UNGUARDED_AVAILABILITY = YES_AGGRESSIVE;
				CLANG_WARN_UNREACHABLE_CODE = YES;
				CLANG_WARN__DUPLICATE_METHOD_MATCH = YES;
				COPY_PHASE_STRIP = NO;
				DEBUG_INFORMATION_FORMAT = "dwarf-with-dsym";
				ENABLE_NS_ASSERTIONS = NO;
				ENABLE_STRICT_OBJC_MSGSEND = YES;
				GCC_C_LANGUAGE_STANDARD = gnu11;
				GCC_NO_COMMON_BLOCKS = YES;
				GCC_WARN_64_TO_32_BIT_CONVERSION = YES;
				GCC_WARN_ABOUT_RETURN_TYPE = YES_ERROR;
				GCC_WARN_UNDECLARED_SELECTOR = YES;
				GCC_WARN_UNINITIALIZED_AUTOS = YES_AGGRESSIVE;
				GCC_WARN_UNUSED_FUNCTION = YES;
				GCC_WARN_UNUSED_VARIABLE = YES;
				IPHONEOS_DEPLOYMENT_TARGET = 13.0;
				MTL_ENABLE_DEBUG_INFO = NO;
				MTL_FAST_MATH = YES;
				SDKROOT = iphoneos;
				SWIFT_COMPILATION_MODE = wholemodule;
				SWIFT_OPTIMIZATION_LEVEL = "-O";
				VALIDATE_PRODUCT = YES;
			};
			name = Release;
		};
		A42F72462972C688001226C3 /* Debug */ = {
			isa = XCBuildConfiguration;
			buildSettings = {
				ASSETCATALOG_COMPILER_APPICON_NAME = AppIcon;
				ASSETCATALOG_COMPILER_GLOBAL_ACCENT_COLOR_NAME = AccentColor;
				CODE_SIGN_STYLE = Automatic;
				CURRENT_PROJECT_VERSION = 1;
				DEVELOPMENT_TEAM = N9F6X85SP8;
				GENERATE_INFOPLIST_FILE = YES;
				INFOPLIST_FILE = "Prueba Mercadona/Supporting/Info.plist";
				INFOPLIST_KEY_CFBundleDisplayName = "Rick and Morty";
				INFOPLIST_KEY_UIApplicationSupportsIndirectInputEvents = YES;
				INFOPLIST_KEY_UILaunchStoryboardName = LaunchScreen.storyboard;
				INFOPLIST_KEY_UIMainStoryboardFile = Main;
				INFOPLIST_KEY_UISupportedInterfaceOrientations_iPad = "UIInterfaceOrientationPortrait UIInterfaceOrientationPortraitUpsideDown UIInterfaceOrientationLandscapeLeft UIInterfaceOrientationLandscapeRight";
				INFOPLIST_KEY_UISupportedInterfaceOrientations_iPhone = "UIInterfaceOrientationPortrait UIInterfaceOrientationLandscapeLeft UIInterfaceOrientationLandscapeRight";
				IPHONEOS_DEPLOYMENT_TARGET = 13.0;
				LD_RUNPATH_SEARCH_PATHS = (
					"$(inherited)",
					"@executable_path/Frameworks",
				);
				MARKETING_VERSION = 1.0;
				PRODUCT_BUNDLE_IDENTIFIER = "com.Prueba-Mercadona";
				PRODUCT_NAME = "$(TARGET_NAME)";
				SWIFT_EMIT_LOC_STRINGS = YES;
				SWIFT_VERSION = 5.0;
				TARGETED_DEVICE_FAMILY = "1,2";
			};
			name = Debug;
		};
		A42F72472972C688001226C3 /* Release */ = {
			isa = XCBuildConfiguration;
			buildSettings = {
				ASSETCATALOG_COMPILER_APPICON_NAME = AppIcon;
				ASSETCATALOG_COMPILER_GLOBAL_ACCENT_COLOR_NAME = AccentColor;
				CODE_SIGN_STYLE = Automatic;
				CURRENT_PROJECT_VERSION = 1;
				DEVELOPMENT_TEAM = N9F6X85SP8;
				GENERATE_INFOPLIST_FILE = YES;
				INFOPLIST_FILE = "Prueba Mercadona/Supporting/Info.plist";
				INFOPLIST_KEY_CFBundleDisplayName = "Rick and Morty";
				INFOPLIST_KEY_UIApplicationSupportsIndirectInputEvents = YES;
				INFOPLIST_KEY_UILaunchStoryboardName = LaunchScreen.storyboard;
				INFOPLIST_KEY_UIMainStoryboardFile = Main;
				INFOPLIST_KEY_UISupportedInterfaceOrientations_iPad = "UIInterfaceOrientationPortrait UIInterfaceOrientationPortraitUpsideDown UIInterfaceOrientationLandscapeLeft UIInterfaceOrientationLandscapeRight";
				INFOPLIST_KEY_UISupportedInterfaceOrientations_iPhone = "UIInterfaceOrientationPortrait UIInterfaceOrientationLandscapeLeft UIInterfaceOrientationLandscapeRight";
				IPHONEOS_DEPLOYMENT_TARGET = 13.0;
				LD_RUNPATH_SEARCH_PATHS = (
					"$(inherited)",
					"@executable_path/Frameworks",
				);
				MARKETING_VERSION = 1.0;
				PRODUCT_BUNDLE_IDENTIFIER = "com.Prueba-Mercadona";
				PRODUCT_NAME = "$(TARGET_NAME)";
				SWIFT_EMIT_LOC_STRINGS = YES;
				SWIFT_VERSION = 5.0;
				TARGETED_DEVICE_FAMILY = "1,2";
			};
			name = Release;
		};
		A42F72492972C688001226C3 /* Debug */ = {
			isa = XCBuildConfiguration;
			buildSettings = {
				ALWAYS_EMBED_SWIFT_STANDARD_LIBRARIES = YES;
				BUNDLE_LOADER = "$(TEST_HOST)";
				CODE_SIGN_STYLE = Automatic;
				CURRENT_PROJECT_VERSION = 1;
				DEVELOPMENT_TEAM = N9F6X85SP8;
				GENERATE_INFOPLIST_FILE = YES;
				IPHONEOS_DEPLOYMENT_TARGET = 16.2;
				MARKETING_VERSION = 1.0;
				PRODUCT_BUNDLE_IDENTIFIER = "com.Prueba-MercadonaTests";
				PRODUCT_NAME = "$(TARGET_NAME)";
				SWIFT_EMIT_LOC_STRINGS = NO;
				SWIFT_VERSION = 5.0;
				TARGETED_DEVICE_FAMILY = "1,2";
				TEST_HOST = "$(BUILT_PRODUCTS_DIR)/Prueba Mercadona.app/$(BUNDLE_EXECUTABLE_FOLDER_PATH)/Prueba Mercadona";
			};
			name = Debug;
		};
		A42F724A2972C688001226C3 /* Release */ = {
			isa = XCBuildConfiguration;
			buildSettings = {
				ALWAYS_EMBED_SWIFT_STANDARD_LIBRARIES = YES;
				BUNDLE_LOADER = "$(TEST_HOST)";
				CODE_SIGN_STYLE = Automatic;
				CURRENT_PROJECT_VERSION = 1;
				DEVELOPMENT_TEAM = N9F6X85SP8;
				GENERATE_INFOPLIST_FILE = YES;
				IPHONEOS_DEPLOYMENT_TARGET = 16.2;
				MARKETING_VERSION = 1.0;
				PRODUCT_BUNDLE_IDENTIFIER = "com.Prueba-MercadonaTests";
				PRODUCT_NAME = "$(TARGET_NAME)";
				SWIFT_EMIT_LOC_STRINGS = NO;
				SWIFT_VERSION = 5.0;
				TARGETED_DEVICE_FAMILY = "1,2";
				TEST_HOST = "$(BUILT_PRODUCTS_DIR)/Prueba Mercadona.app/$(BUNDLE_EXECUTABLE_FOLDER_PATH)/Prueba Mercadona";
			};
			name = Release;
		};
		A42F724C2972C688001226C3 /* Debug */ = {
			isa = XCBuildConfiguration;
			buildSettings = {
				ALWAYS_EMBED_SWIFT_STANDARD_LIBRARIES = YES;
				CODE_SIGN_STYLE = Automatic;
				CURRENT_PROJECT_VERSION = 1;
				DEVELOPMENT_TEAM = N9F6X85SP8;
				GENERATE_INFOPLIST_FILE = YES;
				MARKETING_VERSION = 1.0;
				PRODUCT_BUNDLE_IDENTIFIER = "com.Prueba-MercadonaUITests";
				PRODUCT_NAME = "$(TARGET_NAME)";
				SWIFT_EMIT_LOC_STRINGS = NO;
				SWIFT_VERSION = 5.0;
				TARGETED_DEVICE_FAMILY = "1,2";
				TEST_TARGET_NAME = "Prueba Mercadona";
			};
			name = Debug;
		};
		A42F724D2972C688001226C3 /* Release */ = {
			isa = XCBuildConfiguration;
			buildSettings = {
				ALWAYS_EMBED_SWIFT_STANDARD_LIBRARIES = YES;
				CODE_SIGN_STYLE = Automatic;
				CURRENT_PROJECT_VERSION = 1;
				DEVELOPMENT_TEAM = N9F6X85SP8;
				GENERATE_INFOPLIST_FILE = YES;
				MARKETING_VERSION = 1.0;
				PRODUCT_BUNDLE_IDENTIFIER = "com.Prueba-MercadonaUITests";
				PRODUCT_NAME = "$(TARGET_NAME)";
				SWIFT_EMIT_LOC_STRINGS = NO;
				SWIFT_VERSION = 5.0;
				TARGETED_DEVICE_FAMILY = "1,2";
				TEST_TARGET_NAME = "Prueba Mercadona";
			};
			name = Release;
		};
/* End XCBuildConfiguration section */

/* Begin XCConfigurationList section */
		A42F72132972C687001226C3 /* Build configuration list for PBXProject "Prueba Mercadona" */ = {
			isa = XCConfigurationList;
			buildConfigurations = (
				A42F72432972C688001226C3 /* Debug */,
				A42F72442972C688001226C3 /* Release */,
			);
			defaultConfigurationIsVisible = 0;
			defaultConfigurationName = Release;
		};
		A42F72452972C688001226C3 /* Build configuration list for PBXNativeTarget "Prueba Mercadona" */ = {
			isa = XCConfigurationList;
			buildConfigurations = (
				A42F72462972C688001226C3 /* Debug */,
				A42F72472972C688001226C3 /* Release */,
			);
			defaultConfigurationIsVisible = 0;
			defaultConfigurationName = Release;
		};
		A42F72482972C688001226C3 /* Build configuration list for PBXNativeTarget "Prueba MercadonaTests" */ = {
			isa = XCConfigurationList;
			buildConfigurations = (
				A42F72492972C688001226C3 /* Debug */,
				A42F724A2972C688001226C3 /* Release */,
			);
			defaultConfigurationIsVisible = 0;
			defaultConfigurationName = Release;
		};
		A42F724B2972C688001226C3 /* Build configuration list for PBXNativeTarget "Prueba MercadonaUITests" */ = {
			isa = XCConfigurationList;
			buildConfigurations = (
				A42F724C2972C688001226C3 /* Debug */,
				A42F724D2972C688001226C3 /* Release */,
			);
			defaultConfigurationIsVisible = 0;
			defaultConfigurationName = Release;
		};
/* End XCConfigurationList section */

/* Begin XCVersionGroup section */
		A42F72242972C687001226C3 /* Prueba_Mercadona.xcdatamodeld */ = {
			isa = XCVersionGroup;
			children = (
				A42F72252972C687001226C3 /* Prueba_Mercadona.xcdatamodel */,
			);
			currentVersion = A42F72252972C687001226C3 /* Prueba_Mercadona.xcdatamodel */;
			path = Prueba_Mercadona.xcdatamodeld;
			sourceTree = "<group>";
			versionGroupType = wrapper.xcdatamodel;
		};
/* End XCVersionGroup section */
	};
	rootObject = A42F72102972C687001226C3 /* Project object */;
}
